
Microsoft Visual Studio Solution File, Format Version 12.00
# Visual Studio 15
VisualStudioVersion = 15.0.28307.960
MinimumVisualStudioVersion = 10.0.40219.1
Project("{9A19103F-16F7-4668-BE54-9A1E7A4F7556}") = "WebApplication1", "WebApplication1\WebApplication1.csproj", "{F06CBBF7-3C9E-40CB-8AAF-A8C23FA6D894}"
EndProject
Project("{FAE04EC0-301F-11D3-BF4B-00C04F79EFBC}") = "WebXUnitTests", "WebXUnitTests\WebXUnitTests.csproj", "{454F2C78-5E9D-4A8D-BAF3-25A824903706}"
EndProject
Global
	GlobalSection(SolutionConfigurationPlatforms) = preSolution
		Debug|Any CPU = Debug|Any CPU
		Release|Any CPU = Release|Any CPU
	EndGlobalSection
	GlobalSection(ProjectConfigurationPlatforms) = postSolution
		{F06CBBF7-3C9E-40CB-8AAF-A8C23FA6D894}.Debug|Any CPU.ActiveCfg = Debug|Any CPU
		{F06CBBF7-3C9E-40CB-8AAF-A8C23FA6D894}.Debug|Any CPU.Build.0 = Debug|Any CPU
		{F06CBBF7-3C9E-40CB-8AAF-A8C23FA6D894}.Release|Any CPU.ActiveCfg = Release|Any CPU
		{F06CBBF7-3C9E-40CB-8AAF-A8C23FA6D894}.Release|Any CPU.Build.0 = Release|Any CPU
		{454F2C78-5E9D-4A8D-BAF3-25A824903706}.Debug|Any CPU.ActiveCfg = Debug|Any CPU
		{454F2C78-5E9D-4A8D-BAF3-25A824903706}.Debug|Any CPU.Build.0 = Debug|Any CPU
		{454F2C78-5E9D-4A8D-BAF3-25A824903706}.Release|Any CPU.ActiveCfg = Release|Any CPU
		{454F2C78-5E9D-4A8D-BAF3-25A824903706}.Release|Any CPU.Build.0 = Release|Any CPU
	EndGlobalSection
	GlobalSection(SolutionProperties) = preSolution
		HideSolutionNode = FALSE
	EndGlobalSection
	GlobalSection(ExtensibilityGlobals) = postSolution
		SolutionGuid = {A8E7DF09-7F3D-4C4E-A2BA-E4F8C73B41E2}
	EndGlobalSection
EndGlobal
