
Microsoft Visual Studio Solution File, Format Version 12.00
# Visual Studio 15
VisualStudioVersion = 15.0.27130.2027
MinimumVisualStudioVersion = 10.0.40219.1
Project("{FAE04EC0-301F-11D3-BF4B-00C04F79EFBC}") = "Keukenhof_2.0", "Keukenhof_2.0\Keukenhof_2.0.csproj", "{E6B8740C-CB42-4EF5-B33D-C4F7E8528315}"
EndProject
Global
	GlobalSection(SolutionConfigurationPlatforms) = preSolution
		Debug|Any CPU = Debug|Any CPU
		Release|Any CPU = Release|Any CPU
	EndGlobalSection
	GlobalSection(ProjectConfigurationPlatforms) = postSolution
		{E6B8740C-CB42-4EF5-B33D-C4F7E8528315}.Debug|Any CPU.ActiveCfg = Debug|Any CPU
		{E6B8740C-CB42-4EF5-B33D-C4F7E8528315}.Debug|Any CPU.Build.0 = Debug|Any CPU
		{E6B8740C-CB42-4EF5-B33D-C4F7E8528315}.Release|Any CPU.ActiveCfg = Release|Any CPU
		{E6B8740C-CB42-4EF5-B33D-C4F7E8528315}.Release|Any CPU.Build.0 = Release|Any CPU
	EndGlobalSection
	GlobalSection(SolutionProperties) = preSolution
		HideSolutionNode = FALSE
	EndGlobalSection
	GlobalSection(ExtensibilityGlobals) = postSolution
		SolutionGuid = {4BF8058E-30F9-4481-B699-59224D93178F}
	EndGlobalSection
EndGlobal
